
Microsoft Visual Studio Solution File, Format Version 12.00
# Visual Studio 15
VisualStudioVersion = 15.0.28010.2026
MinimumVisualStudioVersion = 10.0.40219.1
Project("{FAE04EC0-301F-11D3-BF4B-00C04F79EFBC}") = "Deliverable1", "Deliverable1\Deliverable1.csproj", "{D6C9B5CB-040B-4293-A711-DDED1390560F}"
EndProject
Global
	GlobalSection(SolutionConfigurationPlatforms) = preSolution
		Debug|Any CPU = Debug|Any CPU
		Release|Any CPU = Release|Any CPU
	EndGlobalSection
	GlobalSection(ProjectConfigurationPlatforms) = postSolution
		{D6C9B5CB-040B-4293-A711-DDED1390560F}.Debug|Any CPU.ActiveCfg = Debug|Any CPU
		{D6C9B5CB-040B-4293-A711-DDED1390560F}.Debug|Any CPU.Build.0 = Debug|Any CPU
		{D6C9B5CB-040B-4293-A711-DDED1390560F}.Release|Any CPU.ActiveCfg = Release|Any CPU
		{D6C9B5CB-040B-4293-A711-DDED1390560F}.Release|Any CPU.Build.0 = Release|Any CPU
	EndGlobalSection
	GlobalSection(SolutionProperties) = preSolution
		HideSolutionNode = FALSE
	EndGlobalSection
	GlobalSection(ExtensibilityGlobals) = postSolution
		SolutionGuid = {C9169F2C-0BB4-4453-8602-AA35607792F8}
	EndGlobalSection
EndGlobal
